
Microsoft Visual Studio Solution File, Format Version 12.00
# Visual Studio Version 17
VisualStudioVersion = 17.0.32112.339
MinimumVisualStudioVersion = 10.0.40219.1
Project("{FAE04EC0-301F-11D3-BF4B-00C04F79EFBC}") = "Jtbuk.VerticalArchitecture", "Jtbuk.VerticalArchitecture.csproj", "{32A47262-F49D-47FE-BDFB-103561F131A8}"
EndProject
Project("{2150E333-8FDC-42A3-9474-1A3956D46DE8}") = "SolutionItems", "SolutionItems", "{0F7EB73B-1FC9-4003-BCA0-B8621ADE43E0}"
	ProjectSection(SolutionItems) = preProject
		.editorconfig = .editorconfig
		README.md = README.md
	EndProjectSection
EndProject
Global
	GlobalSection(SolutionConfigurationPlatforms) = preSolution
		Debug|Any CPU = Debug|Any CPU
		Release|Any CPU = Release|Any CPU
	EndGlobalSection
	GlobalSection(ProjectConfigurationPlatforms) = postSolution
		{32A47262-F49D-47FE-BDFB-103561F131A8}.Debug|Any CPU.ActiveCfg = Debug|Any CPU
		{32A47262-F49D-47FE-BDFB-103561F131A8}.Debug|Any CPU.Build.0 = Debug|Any CPU
		{32A47262-F49D-47FE-BDFB-103561F131A8}.Release|Any CPU.ActiveCfg = Release|Any CPU
		{32A47262-F49D-47FE-BDFB-103561F131A8}.Release|Any CPU.Build.0 = Release|Any CPU
	EndGlobalSection
	GlobalSection(SolutionProperties) = preSolution
		HideSolutionNode = FALSE
	EndGlobalSection
	GlobalSection(ExtensibilityGlobals) = postSolution
		SolutionGuid = {9FBE7DB0-DF32-4F39-A2BD-FC8761667FEF}
	EndGlobalSection
EndGlobal
